// !$*UTF8*$!
{
	archiveVersion = 1;
	classes = {
	};
	objectVersion = 50;
	objects = {

/* Begin PBXBuildFile section */
		839B4B3725B7754100B2EEDC /* M2L12_Challenge_SolutionApp.swift in Sources */ = {isa = PBXBuildFile; fileRef = 839B4B3625B7754100B2EEDC /* M2L12_Challenge_SolutionApp.swift */; };
		839B4B3925B7754100B2EEDC /* ContentView.swift in Sources */ = {isa = PBXBuildFile; fileRef = 839B4B3825B7754100B2EEDC /* ContentView.swift */; };
		839B4B3B25B7754400B2EEDC /* Assets.xcassets in Resources */ = {isa = PBXBuildFile; fileRef = 839B4B3A25B7754400B2EEDC /* Assets.xcassets */; };
		839B4B3E25B7754400B2EEDC /* Preview Assets.xcassets in Resources */ = {isa = PBXBuildFile; fileRef = 839B4B3D25B7754400B2EEDC /* Preview Assets.xcassets */; };
		839B4B4725B7754D00B2EEDC /* pizzas.json in Resources */ = {isa = PBXBuildFile; fileRef = 839B4B4625B7754D00B2EEDC /* pizzas.json */; };
		839B4B4E25B7756D00B2EEDC /* Pizza.swift in Sources */ = {isa = PBXBuildFile; fileRef = 839B4B4D25B7756D00B2EEDC /* Pizza.swift */; };
		839B4B5525B775A700B2EEDC /* PizzaModel.swift in Sources */ = {isa = PBXBuildFile; fileRef = 839B4B5425B775A700B2EEDC /* PizzaModel.swift */; };
/* End PBXBuildFile section */

/* Begin PBXFileReference section */
		839B4B3325B7754100B2EEDC /* M2L12 Challenge Solution.app */ = {isa = PBXFileReference; explicitFileType = wrapper.application; includeInIndex = 0; path = "M2L12 Challenge Solution.app"; sourceTree = BUILT_PRODUCTS_DIR; };
		839B4B3625B7754100B2EEDC /* M2L12_Challenge_SolutionApp.swift */ = {isa = PBXFileReference; lastKnownFileType = sourcecode.swift; path = M2L12_Challenge_SolutionApp.swift; sourceTree = "<group>"; };
		839B4B3825B7754100B2EEDC /* ContentView.swift */ = {isa = PBXFileReference; lastKnownFileType = sourcecode.swift; path = ContentView.swift; sourceTree = "<group>"; };
		839B4B3A25B7754400B2EEDC /* Assets.xcassets */ = {isa = PBXFileReference; lastKnownFileType = folder.assetcatalog; path = Assets.xcassets; sourceTree = "<group>"; };
		839B4B3D25B7754400B2EEDC /* Preview Assets.xcassets */ = {isa = PBXFileReference; lastKnownFileType = folder.assetcatalog; path = "Preview Assets.xcassets"; sourceTree = "<group>"; };
		839B4B3F25B7754400B2EEDC /* Info.plist */ = {isa = PBXFileReference; lastKnownFileType = text.plist.xml; path = Info.plist; sourceTree = "<group>"; };
		839B4B4625B7754D00B2EEDC /* pizzas.json */ = {isa = PBXFileReference; fileEncoding = 4; lastKnownFileType = text.json; path = pizzas.json; sourceTree = "<group>"; };
		839B4B4D25B7756D00B2EEDC /* Pizza.swift */ = {isa = PBXFileReference; lastKnownFileType = sourcecode.swift; path = Pizza.swift; sourceTree = "<group>"; };
		839B4B5425B775A700B2EEDC /* PizzaModel.swift */ = {isa = PBXFileReference; lastKnownFileType = sourcecode.swift; path = PizzaModel.swift; sourceTree = "<group>"; };
/* End PBXFileReference section */

/* Begin PBXFrameworksBuildPhase section */
		839B4B3025B7754100B2EEDC /* Frameworks */ = {
			isa = PBXFrameworksBuildPhase;
			buildActionMask = 2147483647;
			files = (
			);
			runOnlyForDeploymentPostprocessing = 0;
		};
/* End PBXFrameworksBuildPhase section */

/* Begin PBXGroup section */
		839B4B2A25B7754100B2EEDC = {
			isa = PBXGroup;
			children = (
				839B4B3525B7754100B2EEDC /* M2L12 Challenge Solution */,
				839B4B3425B7754100B2EEDC /* Products */,
			);
			sourceTree = "<group>";
		};
		839B4B3425B7754100B2EEDC /* Products */ = {
			isa = PBXGroup;
			children = (
				839B4B3325B7754100B2EEDC /* M2L12 Challenge Solution.app */,
			);
			name = Products;
			sourceTree = "<group>";
		};
		839B4B3525B7754100B2EEDC /* M2L12 Challenge Solution */ = {
			isa = PBXGroup;
			children = (
				839B4B3625B7754100B2EEDC /* M2L12_Challenge_SolutionApp.swift */,
				839B4B4B25B7755700B2EEDC /* Views */,
				839B4B4C25B7755E00B2EEDC /* ViewModels */,
				839B4B4925B7755000B2EEDC /* Models */,
				839B4B5125B7759400B2EEDC /* Data */,
				839B4B3A25B7754400B2EEDC /* Assets.xcassets */,
				839B4B3F25B7754400B2EEDC /* Info.plist */,
				839B4B3C25B7754400B2EEDC /* Preview Content */,
			);
			path = "M2L12 Challenge Solution";
			sourceTree = "<group>";
		};
		839B4B3C25B7754400B2EEDC /* Preview Content */ = {
			isa = PBXGroup;
			children = (
				839B4B3D25B7754400B2EEDC /* Preview Assets.xcassets */,
			);
			path = "Preview Content";
			sourceTree = "<group>";
		};
		839B4B4925B7755000B2EEDC /* Models */ = {
			isa = PBXGroup;
			children = (
				839B4B4D25B7756D00B2EEDC /* Pizza.swift */,
			);
			path = Models;
			sourceTree = "<group>";
		};
		839B4B4B25B7755700B2EEDC /* Views */ = {
			isa = PBXGroup;
			children = (
				839B4B3825B7754100B2EEDC /* ContentView.swift */,
			);
			path = Views;
			sourceTree = "<group>";
		};
		839B4B4C25B7755E00B2EEDC /* ViewModels */ = {
			isa = PBXGroup;
			children = (
				839B4B5425B775A700B2EEDC /* PizzaModel.swift */,
			);
			path = ViewModels;
			sourceTree = "<group>";
		};
		839B4B5125B7759400B2EEDC /* Data */ = {
			isa = PBXGroup;
			children = (
				839B4B4625B7754D00B2EEDC /* pizzas.json */,
			);
			path = Data;
			sourceTree = "<group>";
		};
/* End PBXGroup section */

/* Begin PBXNativeTarget section */
		839B4B3225B7754100B2EEDC /* M2L12 Challenge Solution */ = {
			isa = PBXNativeTarget;
			buildConfigurationList = 839B4B4225B7754400B2EEDC /* Build configuration list for PBXNativeTarget "M2L12 Challenge Solution" */;
			buildPhases = (
				839B4B2F25B7754100B2EEDC /* Sources */,
				839B4B3025B7754100B2EEDC /* Frameworks */,
				839B4B3125B7754100B2EEDC /* Resources */,
			);
			buildRules = (
			);
			dependencies = (
			);
			name = "M2L12 Challenge Solution";
			productName = "M2L12 Challenge Solution";
			productReference = 839B4B3325B7754100B2EEDC /* M2L12 Challenge Solution.app */;
			productType = "com.apple.product-type.application";
		};
/* End PBXNativeTarget section */

/* Begin PBXProject section */
		839B4B2B25B7754100B2EEDC /* Project object */ = {
			isa = PBXProject;
			attributes = {
				LastSwiftUpdateCheck = 1220;
				LastUpgradeCheck = 1220;
				TargetAttributes = {
					839B4B3225B7754100B2EEDC = {
						CreatedOnToolsVersion = 12.2;
					};
				};
			};
			buildConfigurationList = 839B4B2E25B7754100B2EEDC /* Build configuration list for PBXProject "M2L12 Challenge Solution" */;
			compatibilityVersion = "Xcode 9.3";
			developmentRegion = en;
			hasScannedForEncodings = 0;
			knownRegions = (
				en,
				Base,
			);
			mainGroup = 839B4B2A25B7754100B2EEDC;
			productRefGroup = 839B4B3425B7754100B2EEDC /* Products */;
			projectDirPath = "";
			projectRoot = "";
			targets = (
				839B4B3225B7754100B2EEDC /* M2L12 Challenge Solution */,
			);
		};
/* End PBXProject section */

/* Begin PBXResourcesBuildPhase section */
		839B4B3125B7754100B2EEDC /* Resources */ = {
			isa = PBXResourcesBuildPhase;
			buildActionMask = 2147483647;
			files = (
				839B4B3E25B7754400B2EEDC /* Preview Assets.xcassets in Resources */,
				839B4B3B25B7754400B2EEDC /* Assets.xcassets in Resources */,
				839B4B4725B7754D00B2EEDC /* pizzas.json in Resources */,
			);
			runOnlyForDeploymentPostprocessing = 0;
		};
/* End PBXResourcesBuildPhase section */

/* Begin PBXSourcesBuildPhase section */
		839B4B2F25B7754100B2EEDC /* Sources */ = {
			isa = PBXSourcesBuildPhase;
			buildActionMask = 2147483647;
			files = (
				839B4B3925B7754100B2EEDC /* ContentView.swift in Sources */,
				839B4B3725B7754100B2EEDC /* M2L12_Challenge_SolutionApp.swift in Sources */,
				839B4B5525B775A700B2EEDC /* PizzaModel.swift in Sources */,
				839B4B4E25B7756D00B2EEDC /* Pizza.swift in Sources */,
			);
			runOnlyForDeploymentPostprocessing = 0;
		};
/* End PBXSourcesBuildPhase section */

/* Begin XCBuildConfiguration section */
		839B4B4025B7754400B2EEDC /* Debug */ = {
			isa = XCBuildConfiguration;
			buildSettings = {
				ALWAYS_SEARCH_USER_PATHS = NO;
				CLANG_ANALYZER_NONNULL = YES;
				CLANG_ANALYZER_NUMBER_OBJECT_CONVERSION = YES_AGGRESSIVE;
				CLANG_CXX_LANGUAGE_STANDARD = "gnu++14";
				CLANG_CXX_LIBRARY = "libc++";
				CLANG_ENABLE_MODULES = YES;
				CLANG_ENABLE_OBJC_ARC = YES;
				CLANG_ENABLE_OBJC_WEAK = YES;
				CLANG_WARN_BLOCK_CAPTURE_AUTORELEASING = YES;
				CLANG_WARN_BOOL_CONVERSION = YES;
				CLANG_WARN_COMMA = YES;
				CLANG_WARN_CONSTANT_CONVERSION = YES;
				CLANG_WARN_DEPRECATED_OBJC_IMPLEMENTATIONS = YES;
				CLANG_WARN_DIRECT_OBJC_ISA_USAGE = YES_ERROR;
				CLANG_WARN_DOCUMENTATION_COMMENTS = YES;
				CLANG_WARN_EMPTY_BODY = YES;
				CLANG_WARN_ENUM_CONVERSION = YES;
				CLANG_WARN_INFINITE_RECURSION = YES;
				CLANG_WARN_INT_CONVERSION = YES;
				CLANG_WARN_NON_LITERAL_NULL_CONVERSION = YES;
				CLANG_WARN_OBJC_IMPLICIT_RETAIN_SELF = YES;
				CLANG_WARN_OBJC_LITERAL_CONVERSION = YES;
				CLANG_WARN_OBJC_ROOT_CLASS = YES_ERROR;
				CLANG_WARN_QUOTED_INCLUDE_IN_FRAMEWORK_HEADER = YES;
				CLANG_WARN_RANGE_LOOP_ANALYSIS = YES;
				CLANG_WARN_STRICT_PROTOTYPES = YES;
				CLANG_WARN_SUSPICIOUS_MOVE = YES;
				CLANG_WARN_UNGUARDED_AVAILABILITY = YES_AGGRESSIVE;
				CLANG_WARN_UNREACHABLE_CODE = YES;
				CLANG_WARN__DUPLICATE_METHOD_MATCH = YES;
				COPY_PHASE_STRIP = NO;
				DEBUG_INFORMATION_FORMAT = dwarf;
				ENABLE_STRICT_OBJC_MSGSEND = YES;
				ENABLE_TESTABILITY = YES;
				GCC_C_LANGUAGE_STANDARD = gnu11;
				GCC_DYNAMIC_NO_PIC = NO;
				GCC_NO_COMMON_BLOCKS = YES;
				GCC_OPTIMIZATION_LEVEL = 0;
				GCC_PREPROCESSOR_DEFINITIONS = (
					"DEBUG=1",
					"$(inherited)",
				);
				GCC_WARN_64_TO_32_BIT_CONVERSION = YES;
				GCC_WARN_ABOUT_RETURN_TYPE = YES_ERROR;
				GCC_WARN_UNDECLARED_SELECTOR = YES;
				GCC_WARN_UNINITIALIZED_AUTOS = YES_AGGRESSIVE;
				GCC_WARN_UNUSED_FUNCTION = YES;
				GCC_WARN_UNUSED_VARIABLE = YES;
				IPHONEOS_DEPLOYMENT_TARGET = 14.2;
				MTL_ENABLE_DEBUG_INFO = INCLUDE_SOURCE;
				MTL_FAST_MATH = YES;
				ONLY_ACTIVE_ARCH = YES;
				SDKROOT = iphoneos;
				SWIFT_ACTIVE_COMPILATION_CONDITIONS = DEBUG;
				SWIFT_OPTIMIZATION_LEVEL = "-Onone";
			};
			name = Debug;
		};
		839B4B4125B7754400B2EEDC /* Release */ = {
			isa = XCBuildConfiguration;
			buildSettings = {
				ALWAYS_SEARCH_USER_PATHS = NO;
				CLANG_ANALYZER_NONNULL = YES;
				CLANG_ANALYZER_NUMBER_OBJECT_CONVERSION = YES_AGGRESSIVE;
				CLANG_CXX_LANGUAGE_STANDARD = "gnu++14";
				CLANG_CXX_LIBRARY = "libc++";
				CLANG_ENABLE_MODULES = YES;
				CLANG_ENABLE_OBJC_ARC = YES;
				CLANG_ENABLE_OBJC_WEAK = YES;
				CLANG_WARN_BLOCK_CAPTURE_AUTORELEASING = YES;
				CLANG_WARN_BOOL_CONVERSION = YES;
				CLANG_WARN_COMMA = YES;
				CLANG_WARN_CONSTANT_CONVERSION = YES;
				CLANG_WARN_DEPRECATED_OBJC_IMPLEMENTATIONS = YES;
				CLANG_WARN_DIRECT_OBJC_ISA_USAGE = YES_ERROR;
				CLANG_WARN_DOCUMENTATION_COMMENTS = YES;
				CLANG_WARN_EMPTY_BODY = YES;
				CLANG_WARN_ENUM_CONVERSION = YES;
				CLANG_WARN_INFINITE_RECURSION = YES;
				CLANG_WARN_INT_CONVERSION = YES;
				CLANG_WARN_NON_LITERAL_NULL_CONVERSION = YES;
				CLANG_WARN_OBJC_IMPLICIT_RETAIN_SELF = YES;
				CLANG_WARN_OBJC_LITERAL_CONVERSION = YES;
				CLANG_WARN_OBJC_ROOT_CLASS = YES_ERROR;
				CLANG_WARN_QUOTED_INCLUDE_IN_FRAMEWORK_HEADER = YES;
				CLANG_WARN_RANGE_LOOP_ANALYSIS = YES;
				CLANG_WARN_STRICT_PROTOTYPES = YES;
				CLANG_WARN_SUSPICIOUS_MOVE = YES;
				CLANG_WARN_UNGUARDED_AVAILABILITY = YES_AGGRESSIVE;
				CLANG_WARN_UNREACHABLE_CODE = YES;
				CLANG_WARN__DUPLICATE_METHOD_MATCH = YES;
				COPY_PHASE_STRIP = NO;
				DEBUG_INFORMATION_FORMAT = "dwarf-with-dsym";
				ENABLE_NS_ASSERTIONS = NO;
				ENABLE_STRICT_OBJC_MSGSEND = YES;
				GCC_C_LANGUAGE_STANDARD = gnu11;
				GCC_NO_COMMON_BLOCKS = YES;
				GCC_WARN_64_TO_32_BIT_CONVERSION = YES;
				GCC_WARN_ABOUT_RETURN_TYPE = YES_ERROR;
				GCC_WARN_UNDECLARED_SELECTOR = YES;
				GCC_WARN_UNINITIALIZED_AUTOS = YES_AGGRESSIVE;
				GCC_WARN_UNUSED_FUNCTION = YES;
				GCC_WARN_UNUSED_VARIABLE = YES;
				IPHONEOS_DEPLOYMENT_TARGET = 14.2;
				MTL_ENABLE_DEBUG_INFO = NO;
				MTL_FAST_MATH = YES;
				SDKROOT = iphoneos;
				SWIFT_COMPILATION_MODE = wholemodule;
				SWIFT_OPTIMIZATION_LEVEL = "-O";
				VALIDATE_PRODUCT = YES;
			};
			name = Release;
		};
		839B4B4325B7754400B2EEDC /* Debug */ = {
			isa = XCBuildConfiguration;
			buildSettings = {
				ASSETCATALOG_COMPILER_APPICON_NAME = AppIcon;
				ASSETCATALOG_COMPILER_GLOBAL_ACCENT_COLOR_NAME = AccentColor;
				CODE_SIGN_STYLE = Automatic;
				DEVELOPMENT_ASSET_PATHS = "\"M2L12 Challenge Solution/Preview Content\"";
				DEVELOPMENT_TEAM = RYRJQ978K4;
				ENABLE_PREVIEWS = YES;
				INFOPLIST_FILE = "M2L12 Challenge Solution/Info.plist";
				IPHONEOS_DEPLOYMENT_TARGET = 14.0;
				LD_RUNPATH_SEARCH_PATHS = (
					"$(inherited)",
					"@executable_path/Frameworks",
				);
				PRODUCT_BUNDLE_IDENTIFIER = "com.codewithchris.M2L12-Challenge-Solution";
				PRODUCT_NAME = "$(TARGET_NAME)";
				SWIFT_VERSION = 5.0;
				TARGETED_DEVICE_FAMILY = "1,2";
			};
			name = Debug;
		};
		839B4B4425B7754400B2EEDC /* Release */ = {
			isa = XCBuildConfiguration;
			buildSettings = {
				ASSETCATALOG_COMPILER_APPICON_NAME = AppIcon;
				ASSETCATALOG_COMPILER_GLOBAL_ACCENT_COLOR_NAME = AccentColor;
				CODE_SIGN_STYLE = Automatic;
				DEVELOPMENT_ASSET_PATHS = "\"M2L12 Challenge Solution/Preview Content\"";
				DEVELOPMENT_TEAM = RYRJQ978K4;
				ENABLE_PREVIEWS = YES;
				INFOPLIST_FILE = "M2L12 Challenge Solution/Info.plist";
				IPHONEOS_DEPLOYMENT_TARGET = 14.0;
				LD_RUNPATH_SEARCH_PATHS = (
					"$(inherited)",
					"@executable_path/Frameworks",
				);
				PRODUCT_BUNDLE_IDENTIFIER = "com.codewithchris.M2L12-Challenge-Solution";
				PRODUCT_NAME = "$(TARGET_NAME)";
				SWIFT_VERSION = 5.0;
				TARGETED_DEVICE_FAMILY = "1,2";
			};
			name = Release;
		};
/* End XCBuildConfiguration section */

/* Begin XCConfigurationList section */
		839B4B2E25B7754100B2EEDC /* Build configuration list for PBXProject "M2L12 Challenge Solution" */ = {
			isa = XCConfigurationList;
			buildConfigurations = (
				839B4B4025B7754400B2EEDC /* Debug */,
				839B4B4125B7754400B2EEDC /* Release */,
			);
			defaultConfigurationIsVisible = 0;
			defaultConfigurationName = Release;
		};
		839B4B4225B7754400B2EEDC /* Build configuration list for PBXNativeTarget "M2L12 Challenge Solution" */ = {
			isa = XCConfigurationList;
			buildConfigurations = (
				839B4B4325B7754400B2EEDC /* Debug */,
				839B4B4425B7754400B2EEDC /* Release */,
			);
			defaultConfigurationIsVisible = 0;
			defaultConfigurationName = Release;
		};
/* End XCConfigurationList section */
	};
	rootObject = 839B4B2B25B7754100B2EEDC /* Project object */;
}
